
Microsoft Visual Studio Solution File, Format Version 12.00
# Visual Studio Version 17
VisualStudioVersion = 17.0.31903.59
MinimumVisualStudioVersion = 10.0.40219.1
Project("{2150E333-8FDC-42A3-9474-1A3956D46DE8}") = "src", "src", "{4D521B90-BB8F-45BB-A3AB-E1A0C05D2E18}"
EndProject
Project("{FAE04EC0-301F-11D3-BF4B-00C04F79EFBC}") = "CommitQualityAnalyzer.Core", "src\CommitQualityAnalyzer.Core\CommitQualityAnalyzer.Core.csproj", "{F8DEB2E0-0443-42E5-B31E-96C7754C52F4}"
EndProject
Project("{FAE04EC0-301F-11D3-BF4B-00C04F79EFBC}") = "CommitQualityAnalyzer.Worker", "src\CommitQualityAnalyzer.Worker\CommitQualityAnalyzer.Worker.csproj", "{38C96262-AA3E-4A56-94BD-4FB025389BA9}"
EndProject
Global
	GlobalSection(SolutionConfigurationPlatforms) = preSolution
		Debug|Any CPU = Debug|Any CPU
		Release|Any CPU = Release|Any CPU
	EndGlobalSection
	GlobalSection(SolutionProperties) = preSolution
		HideSolutionNode = FALSE
	EndGlobalSection
	GlobalSection(ProjectConfigurationPlatforms) = postSolution
		{F8DEB2E0-0443-42E5-B31E-96C7754C52F4}.Debug|Any CPU.ActiveCfg = Debug|Any CPU
		{F8DEB2E0-0443-42E5-B31E-96C7754C52F4}.Debug|Any CPU.Build.0 = Debug|Any CPU
		{F8DEB2E0-0443-42E5-B31E-96C7754C52F4}.Release|Any CPU.ActiveCfg = Release|Any CPU
		{F8DEB2E0-0443-42E5-B31E-96C7754C52F4}.Release|Any CPU.Build.0 = Release|Any CPU
		{38C96262-AA3E-4A56-94BD-4FB025389BA9}.Debug|Any CPU.ActiveCfg = Debug|Any CPU
		{38C96262-AA3E-4A56-94BD-4FB025389BA9}.Debug|Any CPU.Build.0 = Debug|Any CPU
		{38C96262-AA3E-4A56-94BD-4FB025389BA9}.Release|Any CPU.ActiveCfg = Release|Any CPU
		{38C96262-AA3E-4A56-94BD-4FB025389BA9}.Release|Any CPU.Build.0 = Release|Any CPU
	EndGlobalSection
	GlobalSection(NestedProjects) = preSolution
		{F8DEB2E0-0443-42E5-B31E-96C7754C52F4} = {4D521B90-BB8F-45BB-A3AB-E1A0C05D2E18}
		{38C96262-AA3E-4A56-94BD-4FB025389BA9} = {4D521B90-BB8F-45BB-A3AB-E1A0C05D2E18}
	EndGlobalSection
EndGlobal
